
Microsoft Visual Studio Solution File, Format Version 12.00
# Visual Studio Version 17
VisualStudioVersion = 17.13.35806.99
MinimumVisualStudioVersion = 10.0.40219.1
Project("{FAE04EC0-301F-11D3-BF4B-00C04F79EFBC}") = "TugasBesar-KPL-2425-Kelompok-4", "TugasBesar-KPL-2425-Kelompok-4\TugasBesar-KPL-2425-Kelompok-4.csproj", "{234A5A73-D7CD-4B41-BDA5-82CE5EAC7B35}"
EndProject
Project("{FAE04EC0-301F-11D3-BF4B-00C04F79EFBC}") = "JadwalAPI", "JadwalAPI\JadwalAPI.csproj", "{E87E5700-4DD5-451E-B887-DB6541FD05EF}"
EndProject
Project("{FAE04EC0-301F-11D3-BF4B-00C04F79EFBC}") = "modelLibrary", "modelLibrary\modelLibrary.csproj", "{79624363-E943-4507-B6CF-A2239F72EEAD}"
EndProject
Project("{FAE04EC0-301F-11D3-BF4B-00C04F79EFBC}") = "LoginAPI", "LoginAPI\LoginAPI.csproj", "{BC3B28D9-F7F8-90C7-C4D0-0D354DF78ECC}"
EndProject
Project("{FAE04EC0-301F-11D3-BF4B-00C04F79EFBC}") = "TestProject1", "TestProject1\TestProject1.csproj", "{F4FE36E5-2358-4A79-9869-7F515A9F67B6}"
EndProject
Global
	GlobalSection(SolutionConfigurationPlatforms) = preSolution
		Debug|Any CPU = Debug|Any CPU
		Release|Any CPU = Release|Any CPU
	EndGlobalSection
	GlobalSection(ProjectConfigurationPlatforms) = postSolution
		{234A5A73-D7CD-4B41-BDA5-82CE5EAC7B35}.Debug|Any CPU.ActiveCfg = Debug|Any CPU
		{234A5A73-D7CD-4B41-BDA5-82CE5EAC7B35}.Debug|Any CPU.Build.0 = Debug|Any CPU
		{234A5A73-D7CD-4B41-BDA5-82CE5EAC7B35}.Release|Any CPU.ActiveCfg = Release|Any CPU
		{234A5A73-D7CD-4B41-BDA5-82CE5EAC7B35}.Release|Any CPU.Build.0 = Release|Any CPU
		{E87E5700-4DD5-451E-B887-DB6541FD05EF}.Debug|Any CPU.ActiveCfg = Debug|Any CPU
		{E87E5700-4DD5-451E-B887-DB6541FD05EF}.Debug|Any CPU.Build.0 = Debug|Any CPU
		{E87E5700-4DD5-451E-B887-DB6541FD05EF}.Release|Any CPU.ActiveCfg = Release|Any CPU
		{E87E5700-4DD5-451E-B887-DB6541FD05EF}.Release|Any CPU.Build.0 = Release|Any CPU
		{79624363-E943-4507-B6CF-A2239F72EEAD}.Debug|Any CPU.ActiveCfg = Debug|Any CPU
		{79624363-E943-4507-B6CF-A2239F72EEAD}.Debug|Any CPU.Build.0 = Debug|Any CPU
		{79624363-E943-4507-B6CF-A2239F72EEAD}.Release|Any CPU.ActiveCfg = Release|Any CPU
		{79624363-E943-4507-B6CF-A2239F72EEAD}.Release|Any CPU.Build.0 = Release|Any CPU
		{BC3B28D9-F7F8-90C7-C4D0-0D354DF78ECC}.Debug|Any CPU.ActiveCfg = Debug|Any CPU
		{BC3B28D9-F7F8-90C7-C4D0-0D354DF78ECC}.Debug|Any CPU.Build.0 = Debug|Any CPU
		{BC3B28D9-F7F8-90C7-C4D0-0D354DF78ECC}.Release|Any CPU.ActiveCfg = Release|Any CPU
		{BC3B28D9-F7F8-90C7-C4D0-0D354DF78ECC}.Release|Any CPU.Build.0 = Release|Any CPU
		{F4FE36E5-2358-4A79-9869-7F515A9F67B6}.Debug|Any CPU.ActiveCfg = Debug|Any CPU
		{F4FE36E5-2358-4A79-9869-7F515A9F67B6}.Debug|Any CPU.Build.0 = Debug|Any CPU
		{F4FE36E5-2358-4A79-9869-7F515A9F67B6}.Release|Any CPU.ActiveCfg = Release|Any CPU
		{F4FE36E5-2358-4A79-9869-7F515A9F67B6}.Release|Any CPU.Build.0 = Release|Any CPU
	EndGlobalSection
	GlobalSection(SolutionProperties) = preSolution
		HideSolutionNode = FALSE
	EndGlobalSection
	GlobalSection(ExtensibilityGlobals) = postSolution
		SolutionGuid = {AB766623-CD07-47DB-B7C0-45AD11EC5107}
	EndGlobalSection
EndGlobal
